PODS:
  - Expecta (0.3.1)
  - Hashids (0.3.1)
  - Specta (0.2.1)

DEPENDENCIES:
  - Expecta
  - Hashids (from `../`)
  - Specta (~> 0.2.1)

EXTERNAL SOURCES:
  Hashids:
    :path: ../

SPEC CHECKSUMS:
  Expecta: 03aabd0a89d8dea843baecb19a7fd7466a69a31d
  Hashids: 982e31672c97671b8ce7d76d9764d84ad62974c7
  Specta: 9141310f46b1f68b676650ff2854e1ed0b74163a

COCOAPODS: 0.33.1
